// !$*UTF8*$!
{
	archiveVersion = 1;
	classes = {
	};
	objectVersion = 50;
	objects = {

/* Begin PBXBuildFile section */
		DE5E8EEA20EAF7F700FEF988 /* Bee.swift in Sources */ = {isa = PBXBuildFile; fileRef = DE5E8EE920EAF7F700FEF988 /* Bee.swift */; };
		DE7F040820D5CE0400562FDF /* AppDelegate.swift in Sources */ = {isa = PBXBuildFile; fileRef = DE7F040720D5CE0400562FDF /* AppDelegate.swift */; };
		DE7F040C20D5CE0400562FDF /* Actions.sks in Resources */ = {isa = PBXBuildFile; fileRef = DE7F040B20D5CE0400562FDF /* Actions.sks */; };
		DE7F040E20D5CE0400562FDF /* GameScene.swift in Sources */ = {isa = PBXBuildFile; fileRef = DE7F040D20D5CE0400562FDF /* GameScene.swift */; };
		DE7F041020D5CE0400562FDF /* GameViewController.swift in Sources */ = {isa = PBXBuildFile; fileRef = DE7F040F20D5CE0400562FDF /* GameViewController.swift */; };
		DE7F041320D5CE0400562FDF /* Main.storyboard in Resources */ = {isa = PBXBuildFile; fileRef = DE7F041120D5CE0400562FDF /* Main.storyboard */; };
		DE7F041520D5CE0500562FDF /* Assets.xcassets in Resources */ = {isa = PBXBuildFile; fileRef = DE7F041420D5CE0500562FDF /* Assets.xcassets */; };
		DE7F041820D5CE0500562FDF /* LaunchScreen.storyboard in Resources */ = {isa = PBXBuildFile; fileRef = DE7F041620D5CE0500562FDF /* LaunchScreen.storyboard */; };
		DE7F043220DECFE100562FDF /* GameSprite.swift in Sources */ = {isa = PBXBuildFile; fileRef = DE7F043120DECFE100562FDF /* GameSprite.swift */; };
/* End PBXBuildFile section */

/* Begin PBXFileReference section */
		DE5E8EE920EAF7F700FEF988 /* Bee.swift */ = {isa = PBXFileReference; lastKnownFileType = sourcecode.swift; path = Bee.swift; sourceTree = "<group>"; };
		DE7F040420D5CE0400562FDF /* Penguin.app */ = {isa = PBXFileReference; explicitFileType = wrapper.application; includeInIndex = 0; path = Penguin.app; sourceTree = BUILT_PRODUCTS_DIR; };
		DE7F040720D5CE0400562FDF /* AppDelegate.swift */ = {isa = PBXFileReference; lastKnownFileType = sourcecode.swift; path = AppDelegate.swift; sourceTree = "<group>"; };
		DE7F040B20D5CE0400562FDF /* Actions.sks */ = {isa = PBXFileReference; lastKnownFileType = file.sks; path = Actions.sks; sourceTree = "<group>"; };
		DE7F040D20D5CE0400562FDF /* GameScene.swift */ = {isa = PBXFileReference; lastKnownFileType = sourcecode.swift; path = GameScene.swift; sourceTree = "<group>"; };
		DE7F040F20D5CE0400562FDF /* GameViewController.swift */ = {isa = PBXFileReference; lastKnownFileType = sourcecode.swift; path = GameViewController.swift; sourceTree = "<group>"; };
		DE7F041220D5CE0400562FDF /* Base */ = {isa = PBXFileReference; lastKnownFileType = file.storyboard; name = Base; path = Base.lproj/Main.storyboard; sourceTree = "<group>"; };
		DE7F041420D5CE0500562FDF /* Assets.xcassets */ = {isa = PBXFileReference; lastKnownFileType = folder.assetcatalog; path = Assets.xcassets; sourceTree = "<group>"; };
		DE7F041720D5CE0500562FDF /* Base */ = {isa = PBXFileReference; lastKnownFileType = file.storyboard; name = Base; path = Base.lproj/LaunchScreen.storyboard; sourceTree = "<group>"; };
		DE7F041920D5CE0500562FDF /* Info.plist */ = {isa = PBXFileReference; lastKnownFileType = text.plist.xml; path = Info.plist; sourceTree = "<group>"; };
		DE7F043120DECFE100562FDF /* GameSprite.swift */ = {isa = PBXFileReference; lastKnownFileType = sourcecode.swift; path = GameSprite.swift; sourceTree = "<group>"; };
/* End PBXFileReference section */

/* Begin PBXFrameworksBuildPhase section */
		DE7F040120D5CE0300562FDF /* Frameworks */ = {
			isa = PBXFrameworksBuildPhase;
			buildActionMask = 2147483647;
			files = (
			);
			runOnlyForDeploymentPostprocessing = 0;
		};
/* End PBXFrameworksBuildPhase section */

/* Begin PBXGroup section */
		DE7F03FB20D5CE0300562FDF = {
			isa = PBXGroup;
			children = (
				DE7F040620D5CE0400562FDF /* Penguin */,
				DE7F040520D5CE0400562FDF /* Products */,
			);
			sourceTree = "<group>";
		};
		DE7F040520D5CE0400562FDF /* Products */ = {
			isa = PBXGroup;
			children = (
				DE7F040420D5CE0400562FDF /* Penguin.app */,
			);
			name = Products;
			sourceTree = "<group>";
		};
		DE7F040620D5CE0400562FDF /* Penguin */ = {
			isa = PBXGroup;
			children = (
				DE7F043120DECFE100562FDF /* GameSprite.swift */,
				DE7F040720D5CE0400562FDF /* AppDelegate.swift */,
				DE7F040B20D5CE0400562FDF /* Actions.sks */,
				DE7F040D20D5CE0400562FDF /* GameScene.swift */,
				DE5E8EE920EAF7F700FEF988 /* Bee.swift */,
				DE7F040F20D5CE0400562FDF /* GameViewController.swift */,
				DE7F041120D5CE0400562FDF /* Main.storyboard */,
				DE7F041420D5CE0500562FDF /* Assets.xcassets */,
				DE7F041620D5CE0500562FDF /* LaunchScreen.storyboard */,
				DE7F041920D5CE0500562FDF /* Info.plist */,
			);
			path = Penguin;
			sourceTree = "<group>";
		};
/* End PBXGroup section */

/* Begin PBXNativeTarget section */
		DE7F040320D5CE0300562FDF /* Penguin */ = {
			isa = PBXNativeTarget;
			buildConfigurationList = DE7F041C20D5CE0500562FDF /* Build configuration list for PBXNativeTarget "Penguin" */;
			buildPhases = (
				DE7F040020D5CE0300562FDF /* Sources */,
				DE7F040120D5CE0300562FDF /* Frameworks */,
				DE7F040220D5CE0300562FDF /* Resources */,
			);
			buildRules = (
			);
			dependencies = (
			);
			name = Penguin;
			productName = Penguin;
			productReference = DE7F040420D5CE0400562FDF /* Penguin.app */;
			productType = "com.apple.product-type.application";
		};
/* End PBXNativeTarget section */

/* Begin PBXProject section */
		DE7F03FC20D5CE0300562FDF /* Project object */ = {
			isa = PBXProject;
			attributes = {
				LastSwiftUpdateCheck = 0940;
				LastUpgradeCheck = 0940;
				ORGANIZATIONNAME = "Santiago De La Torre";
				TargetAttributes = {
					DE7F040320D5CE0300562FDF = {
						CreatedOnToolsVersion = 9.4.1;
					};
				};
			};
			buildConfigurationList = DE7F03FF20D5CE0300562FDF /* Build configuration list for PBXProject "Penguin" */;
			compatibilityVersion = "Xcode 9.3";
			developmentRegion = en;
			hasScannedForEncodings = 0;
			knownRegions = (
				en,
				Base,
			);
			mainGroup = DE7F03FB20D5CE0300562FDF;
			productRefGroup = DE7F040520D5CE0400562FDF /* Products */;
			projectDirPath = "";
			projectRoot = "";
			targets = (
				DE7F040320D5CE0300562FDF /* Penguin */,
			);
		};
/* End PBXProject section */

/* Begin PBXResourcesBuildPhase section */
		DE7F040220D5CE0300562FDF /* Resources */ = {
			isa = PBXResourcesBuildPhase;
			buildActionMask = 2147483647;
			files = (
				DE7F041320D5CE0400562FDF /* Main.storyboard in Resources */,
				DE7F041520D5CE0500562FDF /* Assets.xcassets in Resources */,
				DE7F041820D5CE0500562FDF /* LaunchScreen.storyboard in Resources */,
				DE7F040C20D5CE0400562FDF /* Actions.sks in Resources */,
			);
			runOnlyForDeploymentPostprocessing = 0;
		};
/* End PBXResourcesBuildPhase section */

/* Begin PBXSourcesBuildPhase section */
		DE7F040020D5CE0300562FDF /* Sources */ = {
			isa = PBXSourcesBuildPhase;
			buildActionMask = 2147483647;
			files = (
				DE5E8EEA20EAF7F700FEF988 /* Bee.swift in Sources */,
				DE7F043220DECFE100562FDF /* GameSprite.swift in Sources */,
				DE7F040E20D5CE0400562FDF /* GameScene.swift in Sources */,
				DE7F041020D5CE0400562FDF /* GameViewController.swift in Sources */,
				DE7F040820D5CE0400562FDF /* AppDelegate.swift in Sources */,
			);
			runOnlyForDeploymentPostprocessing = 0;
		};
/* End PBXSourcesBuildPhase section */

/* Begin PBXVariantGroup section */
		DE7F041120D5CE0400562FDF /* Main.storyboard */ = {
			isa = PBXVariantGroup;
			children = (
				DE7F041220D5CE0400562FDF /* Base */,
			);
			name = Main.storyboard;
			sourceTree = "<group>";
		};
		DE7F041620D5CE0500562FDF /* LaunchScreen.storyboard */ = {
			isa = PBXVariantGroup;
			children = (
				DE7F041720D5CE0500562FDF /* Base */,
			);
			name = LaunchScreen.storyboard;
			sourceTree = "<group>";
		};
/* End PBXVariantGroup section */

/* Begin XCBuildConfiguration section */
		DE7F041A20D5CE0500562FDF /* Debug */ = {
			isa = XCBuildConfiguration;
			buildSettings = {
				ALWAYS_SEARCH_USER_PATHS = NO;
				CLANG_ANALYZER_NONNULL = YES;
				CLANG_ANALYZER_NUMBER_OBJECT_CONVERSION = YES_AGGRESSIVE;
				CLANG_CXX_LANGUAGE_STANDARD = "gnu++14";
				CLANG_CXX_LIBRARY = "libc++";
				CLANG_ENABLE_MODULES = YES;
				CLANG_ENABLE_OBJC_ARC = YES;
				CLANG_ENABLE_OBJC_WEAK = YES;
				CLANG_WARN_BLOCK_CAPTURE_AUTORELEASING = YES;
				CLANG_WARN_BOOL_CONVERSION = YES;
				CLANG_WARN_COMMA = YES;
				CLANG_WARN_CONSTANT_CONVERSION = YES;
				CLANG_WARN_DEPRECATED_OBJC_IMPLEMENTATIONS = YES;
				CLANG_WARN_DIRECT_OBJC_ISA_USAGE = YES_ERROR;
				CLANG_WARN_DOCUMENTATION_COMMENTS = YES;
				CLANG_WARN_EMPTY_BODY = YES;
				CLANG_WARN_ENUM_CONVERSION = YES;
				CLANG_WARN_INFINITE_RECURSION = YES;
				CLANG_WARN_INT_CONVERSION = YES;
				CLANG_WARN_NON_LITERAL_NULL_CONVERSION = YES;
				CLANG_WARN_OBJC_IMPLICIT_RETAIN_SELF = YES;
				CLANG_WARN_OBJC_LITERAL_CONVERSION = YES;
				CLANG_WARN_OBJC_ROOT_CLASS = YES_ERROR;
				CLANG_WARN_RANGE_LOOP_ANALYSIS = YES;
				CLANG_WARN_STRICT_PROTOTYPES = YES;
				CLANG_WARN_SUSPICIOUS_MOVE = YES;
				CLANG_WARN_UNGUARDED_AVAILABILITY = YES_AGGRESSIVE;
				CLANG_WARN_UNREACHABLE_CODE = YES;
				CLANG_WARN__DUPLICATE_METHOD_MATCH = YES;
				CODE_SIGN_IDENTITY = "iPhone Developer";
				COPY_PHASE_STRIP = NO;
				DEBUG_INFORMATION_FORMAT = dwarf;
				ENABLE_STRICT_OBJC_MSGSEND = YES;
				ENABLE_TESTABILITY = YES;
				GCC_C_LANGUAGE_STANDARD = gnu11;
				GCC_DYNAMIC_NO_PIC = NO;
				GCC_NO_COMMON_BLOCKS = YES;
				GCC_OPTIMIZATION_LEVEL = 0;
				GCC_PREPROCESSOR_DEFINITIONS = (
					"DEBUG=1",
					"$(inherited)",
				);
				GCC_WARN_64_TO_32_BIT_CONVERSION = YES;
				GCC_WARN_ABOUT_RETURN_TYPE = YES_ERROR;
				GCC_WARN_UNDECLARED_SELECTOR = YES;
				GCC_WARN_UNINITIALIZED_AUTOS = YES_AGGRESSIVE;
				GCC_WARN_UNUSED_FUNCTION = YES;
				GCC_WARN_UNUSED_VARIABLE = YES;
				IPHONEOS_DEPLOYMENT_TARGET = 11.4;
				MTL_ENABLE_DEBUG_INFO = YES;
				ONLY_ACTIVE_ARCH = YES;
				SDKROOT = iphoneos;
				SWIFT_ACTIVE_COMPILATION_CONDITIONS = DEBUG;
				SWIFT_OPTIMIZATION_LEVEL = "-Onone";
			};
			name = Debug;
		};
		DE7F041B20D5CE0500562FDF /* Release */ = {
			isa = XCBuildConfiguration;
			buildSettings = {
				ALWAYS_SEARCH_USER_PATHS = NO;
				CLANG_ANALYZER_NONNULL = YES;
				CLANG_ANALYZER_NUMBER_OBJECT_CONVERSION = YES_AGGRESSIVE;
				CLANG_CXX_LANGUAGE_STANDARD = "gnu++14";
				CLANG_CXX_LIBRARY = "libc++";
				CLANG_ENABLE_MODULES = YES;
				CLANG_ENABLE_OBJC_ARC = YES;
				CLANG_ENABLE_OBJC_WEAK = YES;
				CLANG_WARN_BLOCK_CAPTURE_AUTORELEASING = YES;
				CLANG_WARN_BOOL_CONVERSION = YES;
				CLANG_WARN_COMMA = YES;
				CLANG_WARN_CONSTANT_CONVERSION = YES;
				CLANG_WARN_DEPRECATED_OBJC_IMPLEMENTATIONS = YES;
				CLANG_WARN_DIRECT_OBJC_ISA_USAGE = YES_ERROR;
				CLANG_WARN_DOCUMENTATION_COMMENTS = YES;
				CLANG_WARN_EMPTY_BODY = YES;
				CLANG_WARN_ENUM_CONVERSION = YES;
				CLANG_WARN_INFINITE_RECURSION = YES;
				CLANG_WARN_INT_CONVERSION = YES;
				CLANG_WARN_NON_LITERAL_NULL_CONVERSION = YES;
				CLANG_WARN_OBJC_IMPLICIT_RETAIN_SELF = YES;
				CLANG_WARN_OBJC_LITERAL_CONVERSION = YES;
				CLANG_WARN_OBJC_ROOT_CLASS = YES_ERROR;
				CLANG_WARN_RANGE_LOOP_ANALYSIS = YES;
				CLANG_WARN_STRICT_PROTOTYPES = YES;
				CLANG_WARN_SUSPICIOUS_MOVE = YES;
				CLANG_WARN_UNGUARDED_AVAILABILITY = YES_AGGRESSIVE;
				CLANG_WARN_UNREACHABLE_CODE = YES;
				CLANG_WARN__DUPLICATE_METHOD_MATCH = YES;
				CODE_SIGN_IDENTITY = "iPhone Developer";
				COPY_PHASE_STRIP = NO;
				DEBUG_INFORMATION_FORMAT = "dwarf-with-dsym";
				ENABLE_NS_ASSERTIONS = NO;
				ENABLE_STRICT_OBJC_MSGSEND = YES;
				GCC_C_LANGUAGE_STANDARD = gnu11;
				GCC_NO_COMMON_BLOCKS = YES;
				GCC_WARN_64_TO_32_BIT_CONVERSION = YES;
				GCC_WARN_ABOUT_RETURN_TYPE = YES_ERROR;
				GCC_WARN_UNDECLARED_SELECTOR = YES;
				GCC_WARN_UNINITIALIZED_AUTOS = YES_AGGRESSIVE;
				GCC_WARN_UNUSED_FUNCTION = YES;
				GCC_WARN_UNUSED_VARIABLE = YES;
				IPHONEOS_DEPLOYMENT_TARGET = 11.4;
				MTL_ENABLE_DEBUG_INFO = NO;
				SDKROOT = iphoneos;
				SWIFT_COMPILATION_MODE = wholemodule;
				SWIFT_OPTIMIZATION_LEVEL = "-O";
				VALIDATE_PRODUCT = YES;
			};
			name = Release;
		};
		DE7F041D20D5CE0500562FDF /* Debug */ = {
			isa = XCBuildConfiguration;
			buildSettings = {
				ASSETCATALOG_COMPILER_APPICON_NAME = AppIcon;
				CODE_SIGN_STYLE = Automatic;
				INFOPLIST_FILE = Penguin/Info.plist;
				LD_RUNPATH_SEARCH_PATHS = (
					"$(inherited)",
					"@executable_path/Frameworks",
				);
				PRODUCT_BUNDLE_IDENTIFIER = com.project.Penguin;
				PRODUCT_NAME = "$(TARGET_NAME)";
				SWIFT_VERSION = 4.0;
				TARGETED_DEVICE_FAMILY = "1,2";
			};
			name = Debug;
		};
		DE7F041E20D5CE0500562FDF /* Release */ = {
			isa = XCBuildConfiguration;
			buildSettings = {
				ASSETCATALOG_COMPILER_APPICON_NAME = AppIcon;
				CODE_SIGN_STYLE = Automatic;
				INFOPLIST_FILE = Penguin/Info.plist;
				LD_RUNPATH_SEARCH_PATHS = (
					"$(inherited)",
					"@executable_path/Frameworks",
				);
				PRODUCT_BUNDLE_IDENTIFIER = com.project.Penguin;
				PRODUCT_NAME = "$(TARGET_NAME)";
				SWIFT_VERSION = 4.0;
				TARGETED_DEVICE_FAMILY = "1,2";
			};
			name = Release;
		};
/* End XCBuildConfiguration section */

/* Begin XCConfigurationList section */
		DE7F03FF20D5CE0300562FDF /* Build configuration list for PBXProject "Penguin" */ = {
			isa = XCConfigurationList;
			buildConfigurations = (
				DE7F041A20D5CE0500562FDF /* Debug */,
				DE7F041B20D5CE0500562FDF /* Release */,
			);
			defaultConfigurationIsVisible = 0;
			defaultConfigurationName = Release;
		};
		DE7F041C20D5CE0500562FDF /* Build configuration list for PBXNativeTarget "Penguin" */ = {
			isa = XCConfigurationList;
			buildConfigurations = (
				DE7F041D20D5CE0500562FDF /* Debug */,
				DE7F041E20D5CE0500562FDF /* Release */,
			);
			defaultConfigurationIsVisible = 0;
			defaultConfigurationName = Release;
		};
/* End XCConfigurationList section */
	};
	rootObject = DE7F03FC20D5CE0300562FDF /* Project object */;
}
